// !$*UTF8*$!
{
	archiveVersion = 1;
	classes = {
	};
	objectVersion = 46;
	objects = {

/* Begin PBXBuildFile section */
		28B472C31D2A8B9E00109E6E /* AppDelegate.swift in Sources */ = {isa = PBXBuildFile; fileRef = 28B472C21D2A8B9E00109E6E /* AppDelegate.swift */; };
		28B472C51D2A8B9E00109E6E /* ViewController.swift in Sources */ = {isa = PBXBuildFile; fileRef = 28B472C41D2A8B9E00109E6E /* ViewController.swift */; };
		28B472C81D2A8B9E00109E6E /* Main.storyboard in Resources */ = {isa = PBXBuildFile; fileRef = 28B472C61D2A8B9E00109E6E /* Main.storyboard */; };
		28B472CA1D2A8B9E00109E6E /* Assets.xcassets in Resources */ = {isa = PBXBuildFile; fileRef = 28B472C91D2A8B9E00109E6E /* Assets.xcassets */; };
		28B472CD1D2A8B9E00109E6E /* LaunchScreen.storyboard in Resources */ = {isa = PBXBuildFile; fileRef = 28B472CB1D2A8B9E00109E6E /* LaunchScreen.storyboard */; };
		28B472D81D2A8B9E00109E6E /* ____Tests.swift in Sources */ = {isa = PBXBuildFile; fileRef = 28B472D71D2A8B9E00109E6E /* ____Tests.swift */; };
		28B472E31D2A8B9E00109E6E /* ____UITests.swift in Sources */ = {isa = PBXBuildFile; fileRef = 28B472E21D2A8B9E00109E6E /* ____UITests.swift */; };
		28B472F11D2A8CA600109E6E /* TableViewController.swift in Sources */ = {isa = PBXBuildFile; fileRef = 28B472F01D2A8CA600109E6E /* TableViewController.swift */; };
		28B472F41D2A8CB500109E6E /* TableViewCell.swift in Sources */ = {isa = PBXBuildFile; fileRef = 28B472F21D2A8CB500109E6E /* TableViewCell.swift */; };
		28B472F51D2A8CB500109E6E /* TableViewCell.xib in Resources */ = {isa = PBXBuildFile; fileRef = 28B472F31D2A8CB500109E6E /* TableViewCell.xib */; };
		28B472F71D2A8D8300109E6E /* AddViewController.swift in Sources */ = {isa = PBXBuildFile; fileRef = 28B472F61D2A8D8300109E6E /* AddViewController.swift */; };
/* End PBXBuildFile section */

/* Begin PBXContainerItemProxy section */
		28B472D41D2A8B9E00109E6E /* PBXContainerItemProxy */ = {
			isa = PBXContainerItemProxy;
			containerPortal = 28B472B71D2A8B9E00109E6E /* Project object */;
			proxyType = 1;
			remoteGlobalIDString = 28B472BE1D2A8B9E00109E6E;
			remoteInfo = "追加課題";
		};
		28B472DF1D2A8B9E00109E6E /* PBXContainerItemProxy */ = {
			isa = PBXContainerItemProxy;
			containerPortal = 28B472B71D2A8B9E00109E6E /* Project object */;
			proxyType = 1;
			remoteGlobalIDString = 28B472BE1D2A8B9E00109E6E;
			remoteInfo = "追加課題";
		};
/* End PBXContainerItemProxy section */

/* Begin PBXFileReference section */
		28B472BF1D2A8B9E00109E6E /* 追加課題.app */ = {isa = PBXFileReference; explicitFileType = wrapper.application; includeInIndex = 0; path = "追加課題.app"; sourceTree = BUILT_PRODUCTS_DIR; };
		28B472C21D2A8B9E00109E6E /* AppDelegate.swift */ = {isa = PBXFileReference; lastKnownFileType = sourcecode.swift; path = AppDelegate.swift; sourceTree = "<group>"; };
		28B472C41D2A8B9E00109E6E /* ViewController.swift */ = {isa = PBXFileReference; lastKnownFileType = sourcecode.swift; path = ViewController.swift; sourceTree = "<group>"; };
		28B472C71D2A8B9E00109E6E /* Base */ = {isa = PBXFileReference; lastKnownFileType = file.storyboard; name = Base; path = Base.lproj/Main.storyboard; sourceTree = "<group>"; };
		28B472C91D2A8B9E00109E6E /* Assets.xcassets */ = {isa = PBXFileReference; lastKnownFileType = folder.assetcatalog; path = Assets.xcassets; sourceTree = "<group>"; };
		28B472CC1D2A8B9E00109E6E /* Base */ = {isa = PBXFileReference; lastKnownFileType = file.storyboard; name = Base; path = Base.lproj/LaunchScreen.storyboard; sourceTree = "<group>"; };
		28B472CE1D2A8B9E00109E6E /* Info.plist */ = {isa = PBXFileReference; lastKnownFileType = text.plist.xml; path = Info.plist; sourceTree = "<group>"; };
		28B472D31D2A8B9E00109E6E /* 追加課題Tests.xctest */ = {isa = PBXFileReference; explicitFileType = wrapper.cfbundle; includeInIndex = 0; path = "追加課題Tests.xctest"; sourceTree = BUILT_PRODUCTS_DIR; };
		28B472D71D2A8B9E00109E6E /* ____Tests.swift */ = {isa = PBXFileReference; lastKnownFileType = sourcecode.swift; path = "____Tests.swift"; sourceTree = "<group>"; };
		28B472D91D2A8B9E00109E6E /* Info.plist */ = {isa = PBXFileReference; lastKnownFileType = text.plist.xml; path = Info.plist; sourceTree = "<group>"; };
		28B472DE1D2A8B9E00109E6E /* 追加課題UITests.xctest */ = {isa = PBXFileReference; explicitFileType = wrapper.cfbundle; includeInIndex = 0; path = "追加課題UITests.xctest"; sourceTree = BUILT_PRODUCTS_DIR; };
		28B472E21D2A8B9E00109E6E /* ____UITests.swift */ = {isa = PBXFileReference; lastKnownFileType = sourcecode.swift; path = "____UITests.swift"; sourceTree = "<group>"; };
		28B472E41D2A8B9E00109E6E /* Info.plist */ = {isa = PBXFileReference; lastKnownFileType = text.plist.xml; path = Info.plist; sourceTree = "<group>"; };
		28B472F01D2A8CA600109E6E /* TableViewController.swift */ = {isa = PBXFileReference; fileEncoding = 4; lastKnownFileType = sourcecode.swift; path = TableViewController.swift; sourceTree = "<group>"; };
		28B472F21D2A8CB500109E6E /* TableViewCell.swift */ = {isa = PBXFileReference; fileEncoding = 4; lastKnownFileType = sourcecode.swift; path = TableViewCell.swift; sourceTree = "<group>"; };
		28B472F31D2A8CB500109E6E /* TableViewCell.xib */ = {isa = PBXFileReference; fileEncoding = 4; lastKnownFileType = file.xib; path = TableViewCell.xib; sourceTree = "<group>"; };
		28B472F61D2A8D8300109E6E /* AddViewController.swift */ = {isa = PBXFileReference; fileEncoding = 4; lastKnownFileType = sourcecode.swift; path = AddViewController.swift; sourceTree = "<group>"; };
/* End PBXFileReference section */

/* Begin PBXFrameworksBuildPhase section */
		28B472BC1D2A8B9E00109E6E /* Frameworks */ = {
			isa = PBXFrameworksBuildPhase;
			buildActionMask = 2147483647;
			files = (
			);
			runOnlyForDeploymentPostprocessing = 0;
		};
		28B472D01D2A8B9E00109E6E /* Frameworks */ = {
			isa = PBXFrameworksBuildPhase;
			buildActionMask = 2147483647;
			files = (
			);
			runOnlyForDeploymentPostprocessing = 0;
		};
		28B472DB1D2A8B9E00109E6E /* Frameworks */ = {
			isa = PBXFrameworksBuildPhase;
			buildActionMask = 2147483647;
			files = (
			);
			runOnlyForDeploymentPostprocessing = 0;
		};
/* End PBXFrameworksBuildPhase section */

/* Begin PBXGroup section */
		28B472B61D2A8B9E00109E6E = {
			isa = PBXGroup;
			children = (
				28B472C11D2A8B9E00109E6E /* 追加課題 */,
				28B472D61D2A8B9E00109E6E /* 追加課題Tests */,
				28B472E11D2A8B9E00109E6E /* 追加課題UITests */,
				28B472C01D2A8B9E00109E6E /* Products */,
			);
			sourceTree = "<group>";
		};
		28B472C01D2A8B9E00109E6E /* Products */ = {
			isa = PBXGroup;
			children = (
				28B472BF1D2A8B9E00109E6E /* 追加課題.app */,
				28B472D31D2A8B9E00109E6E /* 追加課題Tests.xctest */,
				28B472DE1D2A8B9E00109E6E /* 追加課題UITests.xctest */,
			);
			name = Products;
			sourceTree = "<group>";
		};
		28B472C11D2A8B9E00109E6E /* 追加課題 */ = {
			isa = PBXGroup;
			children = (
				28B472C21D2A8B9E00109E6E /* AppDelegate.swift */,
				28B472C41D2A8B9E00109E6E /* ViewController.swift */,
				28B472C61D2A8B9E00109E6E /* Main.storyboard */,
				28B472F21D2A8CB500109E6E /* TableViewCell.swift */,
				28B472F31D2A8CB500109E6E /* TableViewCell.xib */,
				28B472F61D2A8D8300109E6E /* AddViewController.swift */,
				28B472F01D2A8CA600109E6E /* TableViewController.swift */,
				28B472C91D2A8B9E00109E6E /* Assets.xcassets */,
				28B472CB1D2A8B9E00109E6E /* LaunchScreen.storyboard */,
				28B472CE1D2A8B9E00109E6E /* Info.plist */,
			);
			path = "追加課題";
			sourceTree = "<group>";
		};
		28B472D61D2A8B9E00109E6E /* 追加課題Tests */ = {
			isa = PBXGroup;
			children = (
				28B472D71D2A8B9E00109E6E /* ____Tests.swift */,
				28B472D91D2A8B9E00109E6E /* Info.plist */,
			);
			path = "追加課題Tests";
			sourceTree = "<group>";
		};
		28B472E11D2A8B9E00109E6E /* 追加課題UITests */ = {
			isa = PBXGroup;
			children = (
				28B472E21D2A8B9E00109E6E /* ____UITests.swift */,
				28B472E41D2A8B9E00109E6E /* Info.plist */,
			);
			path = "追加課題UITests";
			sourceTree = "<group>";
		};
/* End PBXGroup section */

/* Begin PBXNativeTarget section */
		28B472BE1D2A8B9E00109E6E /* 追加課題 */ = {
			isa = PBXNativeTarget;
			buildConfigurationList = 28B472E71D2A8B9E00109E6E /* Build configuration list for PBXNativeTarget "追加課題" */;
			buildPhases = (
				28B472BB1D2A8B9E00109E6E /* Sources */,
				28B472BC1D2A8B9E00109E6E /* Frameworks */,
				28B472BD1D2A8B9E00109E6E /* Resources */,
			);
			buildRules = (
			);
			dependencies = (
			);
			name = "追加課題";
			productName = "追加課題";
			productReference = 28B472BF1D2A8B9E00109E6E /* 追加課題.app */;
			productType = "com.apple.product-type.application";
		};
		28B472D21D2A8B9E00109E6E /* 追加課題Tests */ = {
			isa = PBXNativeTarget;
			buildConfigurationList = 28B472EA1D2A8B9E00109E6E /* Build configuration list for PBXNativeTarget "追加課題Tests" */;
			buildPhases = (
				28B472CF1D2A8B9E00109E6E /* Sources */,
				28B472D01D2A8B9E00109E6E /* Frameworks */,
				28B472D11D2A8B9E00109E6E /* Resources */,
			);
			buildRules = (
			);
			dependencies = (
				28B472D51D2A8B9E00109E6E /* PBXTargetDependency */,
			);
			name = "追加課題Tests";
			productName = "追加課題Tests";
			productReference = 28B472D31D2A8B9E00109E6E /* 追加課題Tests.xctest */;
			productType = "com.apple.product-type.bundle.unit-test";
		};
		28B472DD1D2A8B9E00109E6E /* 追加課題UITests */ = {
			isa = PBXNativeTarget;
			buildConfigurationList = 28B472ED1D2A8B9E00109E6E /* Build configuration list for PBXNativeTarget "追加課題UITests" */;
			buildPhases = (
				28B472DA1D2A8B9E00109E6E /* Sources */,
				28B472DB1D2A8B9E00109E6E /* Frameworks */,
				28B472DC1D2A8B9E00109E6E /* Resources */,
			);
			buildRules = (
			);
			dependencies = (
				28B472E01D2A8B9E00109E6E /* PBXTargetDependency */,
			);
			name = "追加課題UITests";
			productName = "追加課題UITests";
			productReference = 28B472DE1D2A8B9E00109E6E /* 追加課題UITests.xctest */;
			productType = "com.apple.product-type.bundle.ui-testing";
		};
/* End PBXNativeTarget section */

/* Begin PBXProject section */
		28B472B71D2A8B9E00109E6E /* Project object */ = {
			isa = PBXProject;
			attributes = {
				LastSwiftUpdateCheck = 0720;
				LastUpgradeCheck = 0720;
				ORGANIZATIONNAME = YokoImajo;
				TargetAttributes = {
					28B472BE1D2A8B9E00109E6E = {
						CreatedOnToolsVersion = 7.2.1;
						DevelopmentTeam = 86WWW48758;
					};
					28B472D21D2A8B9E00109E6E = {
						CreatedOnToolsVersion = 7.2.1;
						DevelopmentTeam = 86WWW48758;
						TestTargetID = 28B472BE1D2A8B9E00109E6E;
					};
					28B472DD1D2A8B9E00109E6E = {
						CreatedOnToolsVersion = 7.2.1;
						DevelopmentTeam = 86WWW48758;
						TestTargetID = 28B472BE1D2A8B9E00109E6E;
					};
				};
			};
			buildConfigurationList = 28B472BA1D2A8B9E00109E6E /* Build configuration list for PBXProject "追加課題" */;
			compatibilityVersion = "Xcode 3.2";
			developmentRegion = English;
			hasScannedForEncodings = 0;
			knownRegions = (
				en,
				Base,
			);
			mainGroup = 28B472B61D2A8B9E00109E6E;
			productRefGroup = 28B472C01D2A8B9E00109E6E /* Products */;
			projectDirPath = "";
			projectRoot = "";
			targets = (
				28B472BE1D2A8B9E00109E6E /* 追加課題 */,
				28B472D21D2A8B9E00109E6E /* 追加課題Tests */,
				28B472DD1D2A8B9E00109E6E /* 追加課題UITests */,
			);
		};
/* End PBXProject section */

/* Begin PBXResourcesBuildPhase section */
		28B472BD1D2A8B9E00109E6E /* Resources */ = {
			isa = PBXResourcesBuildPhase;
			buildActionMask = 2147483647;
			files = (
				28B472CD1D2A8B9E00109E6E /* LaunchScreen.storyboard in Resources */,
				28B472F51D2A8CB500109E6E /* TableViewCell.xib in Resources */,
				28B472CA1D2A8B9E00109E6E /* Assets.xcassets in Resources */,
				28B472C81D2A8B9E00109E6E /* Main.storyboard in Resources */,
			);
			runOnlyForDeploymentPostprocessing = 0;
		};
		28B472D11D2A8B9E00109E6E /* Resources */ = {
			isa = PBXResourcesBuildPhase;
			buildActionMask = 2147483647;
			files = (
			);
			runOnlyForDeploymentPostprocessing = 0;
		};
		28B472DC1D2A8B9E00109E6E /* Resources */ = {
			isa = PBXResourcesBuildPhase;
			buildActionMask = 2147483647;
			files = (
			);
			runOnlyForDeploymentPostprocessing = 0;
		};
/* End PBXResourcesBuildPhase section */

/* Begin PBXSourcesBuildPhase section */
		28B472BB1D2A8B9E00109E6E /* Sources */ = {
			isa = PBXSourcesBuildPhase;
			buildActionMask = 2147483647;
			files = (
				28B472F71D2A8D8300109E6E /* AddViewController.swift in Sources */,
				28B472C51D2A8B9E00109E6E /* ViewController.swift in Sources */,
				28B472F41D2A8CB500109E6E /* TableViewCell.swift in Sources */,
				28B472F11D2A8CA600109E6E /* TableViewController.swift in Sources */,
				28B472C31D2A8B9E00109E6E /* AppDelegate.swift in Sources */,
			);
			runOnlyForDeploymentPostprocessing = 0;
		};
		28B472CF1D2A8B9E00109E6E /* Sources */ = {
			isa = PBXSourcesBuildPhase;
			buildActionMask = 2147483647;
			files = (
				28B472D81D2A8B9E00109E6E /* ____Tests.swift in Sources */,
			);
			runOnlyForDeploymentPostprocessing = 0;
		};
		28B472DA1D2A8B9E00109E6E /* Sources */ = {
			isa = PBXSourcesBuildPhase;
			buildActionMask = 2147483647;
			files = (
				28B472E31D2A8B9E00109E6E /* ____UITests.swift in Sources */,
			);
			runOnlyForDeploymentPostprocessing = 0;
		};
/* End PBXSourcesBuildPhase section */

/* Begin PBXTargetDependency section */
		28B472D51D2A8B9E00109E6E /* PBXTargetDependency */ = {
			isa = PBXTargetDependency;
			target = 28B472BE1D2A8B9E00109E6E /* 追加課題 */;
			targetProxy = 28B472D41D2A8B9E00109E6E /* PBXContainerItemProxy */;
		};
		28B472E01D2A8B9E00109E6E /* PBXTargetDependency */ = {
			isa = PBXTargetDependency;
			target = 28B472BE1D2A8B9E00109E6E /* 追加課題 */;
			targetProxy = 28B472DF1D2A8B9E00109E6E /* PBXContainerItemProxy */;
		};
/* End PBXTargetDependency section */

/* Begin PBXVariantGroup section */
		28B472C61D2A8B9E00109E6E /* Main.storyboard */ = {
			isa = PBXVariantGroup;
			children = (
				28B472C71D2A8B9E00109E6E /* Base */,
			);
			name = Main.storyboard;
			sourceTree = "<group>";
		};
		28B472CB1D2A8B9E00109E6E /* LaunchScreen.storyboard */ = {
			isa = PBXVariantGroup;
			children = (
				28B472CC1D2A8B9E00109E6E /* Base */,
			);
			name = LaunchScreen.storyboard;
			sourceTree = "<group>";
		};
/* End PBXVariantGroup section */

/* Begin XCBuildConfiguration section */
		28B472E51D2A8B9E00109E6E /* Debug */ = {
			isa = XCBuildConfiguration;
			buildSettings = {
				ALWAYS_SEARCH_USER_PATHS = NO;
				CLANG_CXX_LANGUAGE_STANDARD = "gnu++0x";
				CLANG_CXX_LIBRARY = "libc++";
				CLANG_ENABLE_MODULES = YES;
				CLANG_ENABLE_OBJC_ARC = YES;
				CLANG_WARN_BOOL_CONVERSION = YES;
				CLANG_WARN_CONSTANT_CONVERSION = YES;
				CLANG_WARN_DIRECT_OBJC_ISA_USAGE = YES_ERROR;
				CLANG_WARN_EMPTY_BODY = YES;
				CLANG_WARN_ENUM_CONVERSION = YES;
				CLANG_WARN_INT_CONVERSION = YES;
				CLANG_WARN_OBJC_ROOT_CLASS = YES_ERROR;
				CLANG_WARN_UNREACHABLE_CODE = YES;
				CLANG_WARN__DUPLICATE_METHOD_MATCH = YES;
				"CODE_SIGN_IDENTITY[sdk=iphoneos*]" = "iPhone Developer";
				COPY_PHASE_STRIP = NO;
				DEBUG_INFORMATION_FORMAT = dwarf;
				ENABLE_STRICT_OBJC_MSGSEND = YES;
				ENABLE_TESTABILITY = YES;
				GCC_C_LANGUAGE_STANDARD = gnu99;
				GCC_DYNAMIC_NO_PIC = NO;
				GCC_NO_COMMON_BLOCKS = YES;
				GCC_OPTIMIZATION_LEVEL = 0;
				GCC_PREPROCESSOR_DEFINITIONS = (
					"DEBUG=1",
					"$(inherited)",
				);
				GCC_WARN_64_TO_32_BIT_CONVERSION = YES;
				GCC_WARN_ABOUT_RETURN_TYPE = YES_ERROR;
				GCC_WARN_UNDECLARED_SELECTOR = YES;
				GCC_WARN_UNINITIALIZED_AUTOS = YES_AGGRESSIVE;
				GCC_WARN_UNUSED_FUNCTION = YES;
				GCC_WARN_UNUSED_VARIABLE = YES;
				IPHONEOS_DEPLOYMENT_TARGET = 9.2;
				MTL_ENABLE_DEBUG_INFO = YES;
				ONLY_ACTIVE_ARCH = YES;
				SDKROOT = iphoneos;
				SWIFT_OPTIMIZATION_LEVEL = "-Onone";
			};
			name = Debug;
		};
		28B472E61D2A8B9E00109E6E /* Release */ = {
			isa = XCBuildConfiguration;
			buildSettings = {
				ALWAYS_SEARCH_USER_PATHS = NO;
				CLANG_CXX_LANGUAGE_STANDARD = "gnu++0x";
				CLANG_CXX_LIBRARY = "libc++";
				CLANG_ENABLE_MODULES = YES;
				CLANG_ENABLE_OBJC_ARC = YES;
				CLANG_WARN_BOOL_CONVERSION = YES;
				CLANG_WARN_CONSTANT_CONVERSION = YES;
				CLANG_WARN_DIRECT_OBJC_ISA_USAGE = YES_ERROR;
				CLANG_WARN_EMPTY_BODY = YES;
				CLANG_WARN_ENUM_CONVERSION = YES;
				CLANG_WARN_INT_CONVERSION = YES;
				CLANG_WARN_OBJC_ROOT_CLASS = YES_ERROR;
				CLANG_WARN_UNREACHABLE_CODE = YES;
				CLANG_WARN__DUPLICATE_METHOD_MATCH = YES;
				"CODE_SIGN_IDENTITY[sdk=iphoneos*]" = "iPhone Developer";
				COPY_PHASE_STRIP = NO;
				DEBUG_INFORMATION_FORMAT = "dwarf-with-dsym";
				ENABLE_NS_ASSERTIONS = NO;
				ENABLE_STRICT_OBJC_MSGSEND = YES;
				GCC_C_LANGUAGE_STANDARD = gnu99;
				GCC_NO_COMMON_BLOCKS = YES;
				GCC_WARN_64_TO_32_BIT_CONVERSION = YES;
				GCC_WARN_ABOUT_RETURN_TYPE = YES_ERROR;
				GCC_WARN_UNDECLARED_SELECTOR = YES;
				GCC_WARN_UNINITIALIZED_AUTOS = YES_AGGRESSIVE;
				GCC_WARN_UNUSED_FUNCTION = YES;
				GCC_WARN_UNUSED_VARIABLE = YES;
				IPHONEOS_DEPLOYMENT_TARGET = 9.2;
				MTL_ENABLE_DEBUG_INFO = NO;
				SDKROOT = iphoneos;
				VALIDATE_PRODUCT = YES;
			};
			name = Release;
		};
		28B472E81D2A8B9E00109E6E /* Debug */ = {
			isa = XCBuildConfiguration;
			buildSettings = {
				ASSETCATALOG_COMPILER_APPICON_NAME = AppIcon;
				INFOPLIST_FILE = "追加課題/Info.plist";
				LD_RUNPATH_SEARCH_PATHS = "$(inherited) @executable_path/Frameworks";
				PRODUCT_BUNDLE_IDENTIFIER = "yokoimajo.----";
				PRODUCT_NAME = "$(TARGET_NAME)";
			};
			name = Debug;
		};
		28B472E91D2A8B9E00109E6E /* Release */ = {
			isa = XCBuildConfiguration;
			buildSettings = {
				ASSETCATALOG_COMPILER_APPICON_NAME = AppIcon;
				INFOPLIST_FILE = "追加課題/Info.plist";
				LD_RUNPATH_SEARCH_PATHS = "$(inherited) @executable_path/Frameworks";
				PRODUCT_BUNDLE_IDENTIFIER = "yokoimajo.----";
				PRODUCT_NAME = "$(TARGET_NAME)";
			};
			name = Release;
		};
		28B472EB1D2A8B9E00109E6E /* Debug */ = {
			isa = XCBuildConfiguration;
			buildSettings = {
				BUNDLE_LOADER = "$(TEST_HOST)";
				INFOPLIST_FILE = "追加課題Tests/Info.plist";
				LD_RUNPATH_SEARCH_PATHS = "$(inherited) @executable_path/Frameworks @loader_path/Frameworks";
				PRODUCT_BUNDLE_IDENTIFIER = "yokoimajo.----Tests";
				PRODUCT_NAME = "$(TARGET_NAME)";
				TEST_HOST = "$(BUILT_PRODUCTS_DIR)/追加課題.app/追加課題";
			};
			name = Debug;
		};
		28B472EC1D2A8B9E00109E6E /* Release */ = {
			isa = XCBuildConfiguration;
			buildSettings = {
				BUNDLE_LOADER = "$(TEST_HOST)";
				INFOPLIST_FILE = "追加課題Tests/Info.plist";
				LD_RUNPATH_SEARCH_PATHS = "$(inherited) @executable_path/Frameworks @loader_path/Frameworks";
				PRODUCT_BUNDLE_IDENTIFIER = "yokoimajo.----Tests";
				PRODUCT_NAME = "$(TARGET_NAME)";
				TEST_HOST = "$(BUILT_PRODUCTS_DIR)/追加課題.app/追加課題";
			};
			name = Release;
		};
		28B472EE1D2A8B9E00109E6E /* Debug */ = {
			isa = XCBuildConfiguration;
			buildSettings = {
				INFOPLIST_FILE = "追加課題UITests/Info.plist";
				LD_RUNPATH_SEARCH_PATHS = "$(inherited) @executable_path/Frameworks @loader_path/Frameworks";
				PRODUCT_BUNDLE_IDENTIFIER = "yokoimajo.----UITests";
				PRODUCT_NAME = "$(TARGET_NAME)";
				TEST_TARGET_NAME = "追加課題";
				USES_XCTRUNNER = YES;
			};
			name = Debug;
		};
		28B472EF1D2A8B9E00109E6E /* Release */ = {
			isa = XCBuildConfiguration;
			buildSettings = {
				INFOPLIST_FILE = "追加課題UITests/Info.plist";
				LD_RUNPATH_SEARCH_PATHS = "$(inherited) @executable_path/Frameworks @loader_path/Frameworks";
				PRODUCT_BUNDLE_IDENTIFIER = "yokoimajo.----UITests";
				PRODUCT_NAME = "$(TARGET_NAME)";
				TEST_TARGET_NAME = "追加課題";
				USES_XCTRUNNER = YES;
			};
			name = Release;
		};
/* End XCBuildConfiguration section */

/* Begin XCConfigurationList section */
		28B472BA1D2A8B9E00109E6E /* Build configuration list for PBXProject "追加課題" */ = {
			isa = XCConfigurationList;
			buildConfigurations = (
				28B472E51D2A8B9E00109E6E /* Debug */,
				28B472E61D2A8B9E00109E6E /* Release */,
			);
			defaultConfigurationIsVisible = 0;
			defaultConfigurationName = Release;
		};
		28B472E71D2A8B9E00109E6E /* Build configuration list for PBXNativeTarget "追加課題" */ = {
			isa = XCConfigurationList;
			buildConfigurations = (
				28B472E81D2A8B9E00109E6E /* Debug */,
				28B472E91D2A8B9E00109E6E /* Release */,
			);
			defaultConfigurationIsVisible = 0;
		};
		28B472EA1D2A8B9E00109E6E /* Build configuration list for PBXNativeTarget "追加課題Tests" */ = {
			isa = XCConfigurationList;
			buildConfigurations = (
				28B472EB1D2A8B9E00109E6E /* Debug */,
				28B472EC1D2A8B9E00109E6E /* Release */,
			);
			defaultConfigurationIsVisible = 0;
		};
		28B472ED1D2A8B9E00109E6E /* Build configuration list for PBXNativeTarget "追加課題UITests" */ = {
			isa = XCConfigurationList;
			buildConfigurations = (
				28B472EE1D2A8B9E00109E6E /* Debug */,
				28B472EF1D2A8B9E00109E6E /* Release */,
			);
			defaultConfigurationIsVisible = 0;
		};
/* End XCConfigurationList section */
	};
	rootObject = 28B472B71D2A8B9E00109E6E /* Project object */;
}
